
Microsoft Visual Studio Solution File, Format Version 12.00
# Visual Studio Version 16
VisualStudioVersion = 16.0.31515.178
MinimumVisualStudioVersion = 10.0.40219.1
Project("{9A19103F-16F7-4668-BE54-9A1E7A4F7556}") = "ECMM428", "ECMM428\ECMM428.csproj", "{DBFC3302-5DBA-4C23-BEB0-66F3AC4FC16A}"
EndProject
Project("{FAE04EC0-301F-11D3-BF4B-00C04F79EFBC}") = "ECMM428Tests", "ECMM428Tests\ECMM428Tests.csproj", "{E6F015FB-AB7C-4BCE-A115-F93524E7DBF9}"
EndProject
Global
	GlobalSection(SolutionConfigurationPlatforms) = preSolution
		Debug|Any CPU = Debug|Any CPU
		Release|Any CPU = Release|Any CPU
	EndGlobalSection
	GlobalSection(ProjectConfigurationPlatforms) = postSolution
		{DBFC3302-5DBA-4C23-BEB0-66F3AC4FC16A}.Debug|Any CPU.ActiveCfg = Debug|Any CPU
		{DBFC3302-5DBA-4C23-BEB0-66F3AC4FC16A}.Debug|Any CPU.Build.0 = Debug|Any CPU
		{DBFC3302-5DBA-4C23-BEB0-66F3AC4FC16A}.Release|Any CPU.ActiveCfg = Release|Any CPU
		{DBFC3302-5DBA-4C23-BEB0-66F3AC4FC16A}.Release|Any CPU.Build.0 = Release|Any CPU
		{E6F015FB-AB7C-4BCE-A115-F93524E7DBF9}.Debug|Any CPU.ActiveCfg = Debug|Any CPU
		{E6F015FB-AB7C-4BCE-A115-F93524E7DBF9}.Debug|Any CPU.Build.0 = Debug|Any CPU
		{E6F015FB-AB7C-4BCE-A115-F93524E7DBF9}.Release|Any CPU.ActiveCfg = Release|Any CPU
		{E6F015FB-AB7C-4BCE-A115-F93524E7DBF9}.Release|Any CPU.Build.0 = Release|Any CPU
	EndGlobalSection
	GlobalSection(SolutionProperties) = preSolution
		HideSolutionNode = FALSE
	EndGlobalSection
	GlobalSection(ExtensibilityGlobals) = postSolution
		SolutionGuid = {36520B5F-724E-4FD6-A7CE-259CDAE85549}
	EndGlobalSection
EndGlobal
